lockfileVersion: '9.0'

settings:
  autoInstallPeers: true
  excludeLinksFromLockfile: false

importers:

  .:
    dependencies:
      '@hono/node-server':
        specifier: ^1.12.0
        version: 1.12.0
      hono:
        specifier: ^4.5.4
        version: 4.5.4
    devDependencies:
      '@types/node':
        specifier: ^22.1.0
        version: 22.1.0
      typescript:
        specifier: ^5.5.4
        version: 5.5.4

packages:

  '@hono/node-server@1.12.0':
    resolution: {integrity: sha512-e6oHjNiErRxsZRZBmc2KucuvY3btlO/XPncIpP2X75bRdTilF9GLjm3NHvKKunpJbbJJj31/FoPTksTf8djAVw==}
    engines: {node: '>=18.14.1'}

  '@types/node@22.1.0':
    resolution: {integrity: sha512-AOmuRF0R2/5j1knA3c6G3HOk523Ga+l+ZXltX8SF1+5oqcXijjfTd8fY3XRZqSihEu9XhtQnKYLmkFaoxgsJHw==}

  hono@4.5.4:
    resolution: {integrity: sha512-k2IguJfRgNCpDbAfpxk+o+fZBLFHl4+eIZUpjc1ItZWHeZ37SmT3efA1UpkIaC0hSf1NJg0E79/wWn6g9LQ4Cw==}
    engines: {node: '>=16.0.0'}

  typescript@5.5.4:
    resolution: {integrity: sha512-Mtq29sKDAEYP7aljRgtPOpTvOfbwRWlS6dPRzwjdE+C0R4brX/GUyhHSecbHMFLNBLcJIPt9nl9yG5TZ1weH+Q==}
    engines: {node: '>=14.17'}
    hasBin: true

  undici-types@6.13.0:
    resolution: {integrity: sha512-xtFJHudx8S2DSoujjMd1WeWvn7KKWFRESZTMeL1RptAYERu29D6jphMjjY+vn96jvN3kVPDNxU/E13VTaXj6jg==}

snapshots:

  '@hono/node-server@1.12.0': {}

  '@types/node@22.1.0':
    dependencies:
      undici-types: 6.13.0

  hono@4.5.4: {}

  typescript@5.5.4: {}

  undici-types@6.13.0: {}
